
Microsoft Visual Studio Solution File, Format Version 12.00
# Visual Studio 14
VisualStudioVersion = 14.0.25420.1
MinimumVisualStudioVersion = 10.0.40219.1
Project("{CAA73BB0-EF22-4D79-A57E-DF67B3BA9C80}") = "Core", "Core\Core.scproj", "{D49FA2BD-F1DB-4E15-BA36-5B5E092D85BA}"
EndProject
Project("{FAE04EC0-301F-11D3-BF4B-00C04F79EFBC}") = "DeploymentToolKit", "ContentCheckerProject\DeploymentToolKit.csproj", "{2E59AB2E-CBFA-4AA9-B6BE-CD96CEC23DB4}"
EndProject
Global
	GlobalSection(SolutionConfigurationPlatforms) = preSolution
		Debug|Any CPU = Debug|Any CPU
		Release|Any CPU = Release|Any CPU
	EndGlobalSection
	GlobalSection(ProjectConfigurationPlatforms) = postSolution
		{D49FA2BD-F1DB-4E15-BA36-5B5E092D85BA}.Debug|Any CPU.ActiveCfg = Debug|Any CPU
		{D49FA2BD-F1DB-4E15-BA36-5B5E092D85BA}.Debug|Any CPU.Build.0 = Debug|Any CPU
		{D49FA2BD-F1DB-4E15-BA36-5B5E092D85BA}.Debug|Any CPU.Deploy.0 = Debug|Any CPU
		{D49FA2BD-F1DB-4E15-BA36-5B5E092D85BA}.Release|Any CPU.ActiveCfg = Release|Any CPU
		{D49FA2BD-F1DB-4E15-BA36-5B5E092D85BA}.Release|Any CPU.Build.0 = Release|Any CPU
		{D49FA2BD-F1DB-4E15-BA36-5B5E092D85BA}.Release|Any CPU.Deploy.0 = Release|Any CPU
		{2E59AB2E-CBFA-4AA9-B6BE-CD96CEC23DB4}.Debug|Any CPU.ActiveCfg = Debug|Any CPU
		{2E59AB2E-CBFA-4AA9-B6BE-CD96CEC23DB4}.Debug|Any CPU.Build.0 = Debug|Any CPU
		{2E59AB2E-CBFA-4AA9-B6BE-CD96CEC23DB4}.Release|Any CPU.ActiveCfg = Release|Any CPU
		{2E59AB2E-CBFA-4AA9-B6BE-CD96CEC23DB4}.Release|Any CPU.Build.0 = Release|Any CPU
	EndGlobalSection
	GlobalSection(SolutionProperties) = preSolution
		HideSolutionNode = FALSE
	EndGlobalSection
	GlobalSection(ExtensibilityGlobals) = postSolution
		EnterpriseLibraryConfigurationToolBinariesPathV6 = packages\EnterpriseLibrary.Common.6.0.1304.0\lib\NET45;packages\EnterpriseLibrary.TransientFaultHandling.6.0.1304.0\lib\portable-net45+win+wp8;packages\EnterpriseLibrary.TransientFaultHandling.Caching.6.0.1304.0\lib\NET45;packages\EnterpriseLibrary.TransientFaultHandling.Data.6.0.1304.1\lib\NET45;packages\EnterpriseLibrary.TransientFaultHandling.ServiceBus.6.0.1304.0\lib\NET45
	EndGlobalSection
EndGlobal
